
Microsoft Visual Studio Solution File, Format Version 12.00
# Visual Studio Version 16
VisualStudioVersion = 16.0.30114.105
MinimumVisualStudioVersion = 10.0.40219.1
Project("{2150E333-8FDC-42A3-9474-1A3956D46DE8}") = "Solution files", "Solution files", "{9786602F-A708-4F5D-9396-973F78F0DD73}"
ProjectSection(SolutionItems) = preProject
	.gitignore = .gitignore
	global.json = global.json
	LICENSE = LICENSE
	README.md = README.md
EndProjectSection
EndProject
Project("{2150E333-8FDC-42A3-9474-1A3956D46DE8}") = "src", "src", "{ACC4C037-5028-408D-8D33-8B159DA77B09}"
EndProject
Project("{FAE04EC0-301F-11D3-BF4B-00C04F79EFBC}") = "KSharp.Compiler", "src\KSharp.Compiler\KSharp.Compiler.csproj", "{9F9B0481-B730-4B6C-8B31-E8672865211A}"
EndProject
Project("{2150E333-8FDC-42A3-9474-1A3956D46DE8}") = "tests", "tests", "{50BFC87D-F546-44AD-8FF9-24079A3A03A7}"
EndProject
Project("{FAE04EC0-301F-11D3-BF4B-00C04F79EFBC}") = "KSharp.Tests", "tests\KSharp.Tests\KSharp.Tests.csproj", "{8E6A276D-F533-4AD4-9329-06A56A49F3CD}"
EndProject
Project("{2150E333-8FDC-42A3-9474-1A3956D46DE8}") = "samples", "samples", "{FFA52A9A-23B8-4BD0-89EC-4FBC0CCC202C}"
EndProject
Project("{2150E333-8FDC-42A3-9474-1A3956D46DE8}") = "csharp", "csharp", "{450E54E9-B45E-4CE4-BD39-9780F377BDAD}"
EndProject
Project("{FAE04EC0-301F-11D3-BF4B-00C04F79EFBC}") = "HelloWorld", "samples\csharp\HelloWorld\HelloWorld.csproj", "{54BAD847-9AC5-40AB-9514-B447FD9656A8}"
EndProject
Project("{FAE04EC0-301F-11D3-BF4B-00C04F79EFBC}") = "Factorial", "samples\csharp\Factorial\Factorial.csproj", "{75C11EE9-CE46-455B-9D31-809D2AE16873}"
EndProject
Project("{FAE04EC0-301F-11D3-BF4B-00C04F79EFBC}") = "FizzBuzz", "samples\csharp\FizzBuzz\FizzBuzz.csproj", "{7B3A0A42-51F8-4C39-BFF3-16B300CBB87C}"
EndProject
Project("{FAE04EC0-301F-11D3-BF4B-00C04F79EFBC}") = "Methods", "samples\csharp\Methods\Methods.csproj", "{F5573C33-D3CB-4014-AA52-61AE9DF2DDF6}"
EndProject
Project("{2150E333-8FDC-42A3-9474-1A3956D46DE8}") = "jsx", "jsx", "{F4D64DFD-DBB6-42CF-A12A-48F9C9CFDFC1}"
EndProject
Project("{FAE04EC0-301F-11D3-BF4B-00C04F79EFBC}") = "HelloWorldComponent", "samples\HelloWorldComponent\HelloWorldComponent.csproj", "{C1C47DF7-0E2F-4138-A4DD-134734B9C9BA}"
EndProject
Project("{FAE04EC0-301F-11D3-BF4B-00C04F79EFBC}") = "BinaryTree", "samples\csharp\BinaryTree\BinaryTree.csproj", "{6F7CF437-B097-4238-9FCF-1E0F7C0F9407}"
EndProject
Project("{FAE04EC0-301F-11D3-BF4B-00C04F79EFBC}") = "CounterApp", "samples\CounterApp\CounterApp.csproj", "{041328FE-FF35-43F9-8A1F-FAF8984CFB66}"
EndProject
Project("{FAE04EC0-301F-11D3-BF4B-00C04F79EFBC}") = "MinimalApi", "samples\csharp\MinimalApi\MinimalApi.csproj", "{DF28978B-9F84-4A7A-9621-DECA255CD838}"
EndProject
Global
	GlobalSection(SolutionConfigurationPlatforms) = preSolution
		Debug|Any CPU = Debug|Any CPU
		Debug|x64 = Debug|x64
		Debug|x86 = Debug|x86
		Release|Any CPU = Release|Any CPU
		Release|x64 = Release|x64
		Release|x86 = Release|x86
	EndGlobalSection
	GlobalSection(SolutionProperties) = preSolution
		HideSolutionNode = FALSE
	EndGlobalSection
	GlobalSection(ProjectConfigurationPlatforms) = postSolution
		{9F9B0481-B730-4B6C-8B31-E8672865211A}.Debug|Any CPU.ActiveCfg = Debug|Any CPU
		{9F9B0481-B730-4B6C-8B31-E8672865211A}.Debug|Any CPU.Build.0 = Debug|Any CPU
		{9F9B0481-B730-4B6C-8B31-E8672865211A}.Debug|x64.ActiveCfg = Debug|Any CPU
		{9F9B0481-B730-4B6C-8B31-E8672865211A}.Debug|x64.Build.0 = Debug|Any CPU
		{9F9B0481-B730-4B6C-8B31-E8672865211A}.Debug|x86.ActiveCfg = Debug|Any CPU
		{9F9B0481-B730-4B6C-8B31-E8672865211A}.Debug|x86.Build.0 = Debug|Any CPU
		{9F9B0481-B730-4B6C-8B31-E8672865211A}.Release|Any CPU.ActiveCfg = Release|Any CPU
		{9F9B0481-B730-4B6C-8B31-E8672865211A}.Release|Any CPU.Build.0 = Release|Any CPU
		{9F9B0481-B730-4B6C-8B31-E8672865211A}.Release|x64.ActiveCfg = Release|Any CPU
		{9F9B0481-B730-4B6C-8B31-E8672865211A}.Release|x64.Build.0 = Release|Any CPU
		{9F9B0481-B730-4B6C-8B31-E8672865211A}.Release|x86.ActiveCfg = Release|Any CPU
		{9F9B0481-B730-4B6C-8B31-E8672865211A}.Release|x86.Build.0 = Release|Any CPU
		{8E6A276D-F533-4AD4-9329-06A56A49F3CD}.Debug|Any CPU.ActiveCfg = Debug|Any CPU
		{8E6A276D-F533-4AD4-9329-06A56A49F3CD}.Debug|Any CPU.Build.0 = Debug|Any CPU
		{8E6A276D-F533-4AD4-9329-06A56A49F3CD}.Debug|x64.ActiveCfg = Debug|Any CPU
		{8E6A276D-F533-4AD4-9329-06A56A49F3CD}.Debug|x64.Build.0 = Debug|Any CPU
		{8E6A276D-F533-4AD4-9329-06A56A49F3CD}.Debug|x86.ActiveCfg = Debug|Any CPU
		{8E6A276D-F533-4AD4-9329-06A56A49F3CD}.Debug|x86.Build.0 = Debug|Any CPU
		{8E6A276D-F533-4AD4-9329-06A56A49F3CD}.Release|Any CPU.ActiveCfg = Release|Any CPU
		{8E6A276D-F533-4AD4-9329-06A56A49F3CD}.Release|Any CPU.Build.0 = Release|Any CPU
		{8E6A276D-F533-4AD4-9329-06A56A49F3CD}.Release|x64.ActiveCfg = Release|Any CPU
		{8E6A276D-F533-4AD4-9329-06A56A49F3CD}.Release|x64.Build.0 = Release|Any CPU
		{8E6A276D-F533-4AD4-9329-06A56A49F3CD}.Release|x86.ActiveCfg = Release|Any CPU
		{8E6A276D-F533-4AD4-9329-06A56A49F3CD}.Release|x86.Build.0 = Release|Any CPU
		{54BAD847-9AC5-40AB-9514-B447FD9656A8}.Debug|Any CPU.ActiveCfg = Debug|Any CPU
		{54BAD847-9AC5-40AB-9514-B447FD9656A8}.Debug|Any CPU.Build.0 = Debug|Any CPU
		{54BAD847-9AC5-40AB-9514-B447FD9656A8}.Debug|x64.ActiveCfg = Debug|Any CPU
		{54BAD847-9AC5-40AB-9514-B447FD9656A8}.Debug|x64.Build.0 = Debug|Any CPU
		{54BAD847-9AC5-40AB-9514-B447FD9656A8}.Debug|x86.ActiveCfg = Debug|Any CPU
		{54BAD847-9AC5-40AB-9514-B447FD9656A8}.Debug|x86.Build.0 = Debug|Any CPU
		{54BAD847-9AC5-40AB-9514-B447FD9656A8}.Release|Any CPU.ActiveCfg = Release|Any CPU
		{54BAD847-9AC5-40AB-9514-B447FD9656A8}.Release|Any CPU.Build.0 = Release|Any CPU
		{54BAD847-9AC5-40AB-9514-B447FD9656A8}.Release|x64.ActiveCfg = Release|Any CPU
		{54BAD847-9AC5-40AB-9514-B447FD9656A8}.Release|x64.Build.0 = Release|Any CPU
		{54BAD847-9AC5-40AB-9514-B447FD9656A8}.Release|x86.ActiveCfg = Release|Any CPU
		{54BAD847-9AC5-40AB-9514-B447FD9656A8}.Release|x86.Build.0 = Release|Any CPU
		{75C11EE9-CE46-455B-9D31-809D2AE16873}.Debug|Any CPU.ActiveCfg = Debug|Any CPU
		{75C11EE9-CE46-455B-9D31-809D2AE16873}.Debug|Any CPU.Build.0 = Debug|Any CPU
		{75C11EE9-CE46-455B-9D31-809D2AE16873}.Debug|x64.ActiveCfg = Debug|Any CPU
		{75C11EE9-CE46-455B-9D31-809D2AE16873}.Debug|x64.Build.0 = Debug|Any CPU
		{75C11EE9-CE46-455B-9D31-809D2AE16873}.Debug|x86.ActiveCfg = Debug|Any CPU
		{75C11EE9-CE46-455B-9D31-809D2AE16873}.Debug|x86.Build.0 = Debug|Any CPU
		{75C11EE9-CE46-455B-9D31-809D2AE16873}.Release|Any CPU.ActiveCfg = Release|Any CPU
		{75C11EE9-CE46-455B-9D31-809D2AE16873}.Release|Any CPU.Build.0 = Release|Any CPU
		{75C11EE9-CE46-455B-9D31-809D2AE16873}.Release|x64.ActiveCfg = Release|Any CPU
		{75C11EE9-CE46-455B-9D31-809D2AE16873}.Release|x64.Build.0 = Release|Any CPU
		{75C11EE9-CE46-455B-9D31-809D2AE16873}.Release|x86.ActiveCfg = Release|Any CPU
		{75C11EE9-CE46-455B-9D31-809D2AE16873}.Release|x86.Build.0 = Release|Any CPU
		{7B3A0A42-51F8-4C39-BFF3-16B300CBB87C}.Debug|Any CPU.ActiveCfg = Debug|Any CPU
		{7B3A0A42-51F8-4C39-BFF3-16B300CBB87C}.Debug|Any CPU.Build.0 = Debug|Any CPU
		{7B3A0A42-51F8-4C39-BFF3-16B300CBB87C}.Debug|x64.ActiveCfg = Debug|Any CPU
		{7B3A0A42-51F8-4C39-BFF3-16B300CBB87C}.Debug|x64.Build.0 = Debug|Any CPU
		{7B3A0A42-51F8-4C39-BFF3-16B300CBB87C}.Debug|x86.ActiveCfg = Debug|Any CPU
		{7B3A0A42-51F8-4C39-BFF3-16B300CBB87C}.Debug|x86.Build.0 = Debug|Any CPU
		{7B3A0A42-51F8-4C39-BFF3-16B300CBB87C}.Release|Any CPU.ActiveCfg = Release|Any CPU
		{7B3A0A42-51F8-4C39-BFF3-16B300CBB87C}.Release|Any CPU.Build.0 = Release|Any CPU
		{7B3A0A42-51F8-4C39-BFF3-16B300CBB87C}.Release|x64.ActiveCfg = Release|Any CPU
		{7B3A0A42-51F8-4C39-BFF3-16B300CBB87C}.Release|x64.Build.0 = Release|Any CPU
		{7B3A0A42-51F8-4C39-BFF3-16B300CBB87C}.Release|x86.ActiveCfg = Release|Any CPU
		{7B3A0A42-51F8-4C39-BFF3-16B300CBB87C}.Release|x86.Build.0 = Release|Any CPU
		{F5573C33-D3CB-4014-AA52-61AE9DF2DDF6}.Debug|Any CPU.ActiveCfg = Debug|Any CPU
		{F5573C33-D3CB-4014-AA52-61AE9DF2DDF6}.Debug|Any CPU.Build.0 = Debug|Any CPU
		{F5573C33-D3CB-4014-AA52-61AE9DF2DDF6}.Debug|x64.ActiveCfg = Debug|Any CPU
		{F5573C33-D3CB-4014-AA52-61AE9DF2DDF6}.Debug|x64.Build.0 = Debug|Any CPU
		{F5573C33-D3CB-4014-AA52-61AE9DF2DDF6}.Debug|x86.ActiveCfg = Debug|Any CPU
		{F5573C33-D3CB-4014-AA52-61AE9DF2DDF6}.Debug|x86.Build.0 = Debug|Any CPU
		{F5573C33-D3CB-4014-AA52-61AE9DF2DDF6}.Release|Any CPU.ActiveCfg = Release|Any CPU
		{F5573C33-D3CB-4014-AA52-61AE9DF2DDF6}.Release|Any CPU.Build.0 = Release|Any CPU
		{F5573C33-D3CB-4014-AA52-61AE9DF2DDF6}.Release|x64.ActiveCfg = Release|Any CPU
		{F5573C33-D3CB-4014-AA52-61AE9DF2DDF6}.Release|x64.Build.0 = Release|Any CPU
		{F5573C33-D3CB-4014-AA52-61AE9DF2DDF6}.Release|x86.ActiveCfg = Release|Any CPU
		{F5573C33-D3CB-4014-AA52-61AE9DF2DDF6}.Release|x86.Build.0 = Release|Any CPU
		{C1C47DF7-0E2F-4138-A4DD-134734B9C9BA}.Debug|Any CPU.ActiveCfg = Debug|Any CPU
		{C1C47DF7-0E2F-4138-A4DD-134734B9C9BA}.Debug|Any CPU.Build.0 = Debug|Any CPU
		{C1C47DF7-0E2F-4138-A4DD-134734B9C9BA}.Debug|x64.ActiveCfg = Debug|Any CPU
		{C1C47DF7-0E2F-4138-A4DD-134734B9C9BA}.Debug|x64.Build.0 = Debug|Any CPU
		{C1C47DF7-0E2F-4138-A4DD-134734B9C9BA}.Debug|x86.ActiveCfg = Debug|Any CPU
		{C1C47DF7-0E2F-4138-A4DD-134734B9C9BA}.Debug|x86.Build.0 = Debug|Any CPU
		{C1C47DF7-0E2F-4138-A4DD-134734B9C9BA}.Release|Any CPU.ActiveCfg = Release|Any CPU
		{C1C47DF7-0E2F-4138-A4DD-134734B9C9BA}.Release|Any CPU.Build.0 = Release|Any CPU
		{C1C47DF7-0E2F-4138-A4DD-134734B9C9BA}.Release|x64.ActiveCfg = Release|Any CPU
		{C1C47DF7-0E2F-4138-A4DD-134734B9C9BA}.Release|x64.Build.0 = Release|Any CPU
		{C1C47DF7-0E2F-4138-A4DD-134734B9C9BA}.Release|x86.ActiveCfg = Release|Any CPU
		{C1C47DF7-0E2F-4138-A4DD-134734B9C9BA}.Release|x86.Build.0 = Release|Any CPU
		{6F7CF437-B097-4238-9FCF-1E0F7C0F9407}.Debug|Any CPU.ActiveCfg = Debug|Any CPU
		{6F7CF437-B097-4238-9FCF-1E0F7C0F9407}.Debug|Any CPU.Build.0 = Debug|Any CPU
		{6F7CF437-B097-4238-9FCF-1E0F7C0F9407}.Debug|x64.ActiveCfg = Debug|Any CPU
		{6F7CF437-B097-4238-9FCF-1E0F7C0F9407}.Debug|x64.Build.0 = Debug|Any CPU
		{6F7CF437-B097-4238-9FCF-1E0F7C0F9407}.Debug|x86.ActiveCfg = Debug|Any CPU
		{6F7CF437-B097-4238-9FCF-1E0F7C0F9407}.Debug|x86.Build.0 = Debug|Any CPU
		{6F7CF437-B097-4238-9FCF-1E0F7C0F9407}.Release|Any CPU.ActiveCfg = Release|Any CPU
		{6F7CF437-B097-4238-9FCF-1E0F7C0F9407}.Release|Any CPU.Build.0 = Release|Any CPU
		{6F7CF437-B097-4238-9FCF-1E0F7C0F9407}.Release|x64.ActiveCfg = Release|Any CPU
		{6F7CF437-B097-4238-9FCF-1E0F7C0F9407}.Release|x64.Build.0 = Release|Any CPU
		{6F7CF437-B097-4238-9FCF-1E0F7C0F9407}.Release|x86.ActiveCfg = Release|Any CPU
		{6F7CF437-B097-4238-9FCF-1E0F7C0F9407}.Release|x86.Build.0 = Release|Any CPU
		{041328FE-FF35-43F9-8A1F-FAF8984CFB66}.Debug|Any CPU.ActiveCfg = Debug|Any CPU
		{041328FE-FF35-43F9-8A1F-FAF8984CFB66}.Debug|Any CPU.Build.0 = Debug|Any CPU
		{041328FE-FF35-43F9-8A1F-FAF8984CFB66}.Debug|x64.ActiveCfg = Debug|Any CPU
		{041328FE-FF35-43F9-8A1F-FAF8984CFB66}.Debug|x64.Build.0 = Debug|Any CPU
		{041328FE-FF35-43F9-8A1F-FAF8984CFB66}.Debug|x86.ActiveCfg = Debug|Any CPU
		{041328FE-FF35-43F9-8A1F-FAF8984CFB66}.Debug|x86.Build.0 = Debug|Any CPU
		{041328FE-FF35-43F9-8A1F-FAF8984CFB66}.Release|Any CPU.ActiveCfg = Release|Any CPU
		{041328FE-FF35-43F9-8A1F-FAF8984CFB66}.Release|Any CPU.Build.0 = Release|Any CPU
		{041328FE-FF35-43F9-8A1F-FAF8984CFB66}.Release|x64.ActiveCfg = Release|Any CPU
		{041328FE-FF35-43F9-8A1F-FAF8984CFB66}.Release|x64.Build.0 = Release|Any CPU
		{041328FE-FF35-43F9-8A1F-FAF8984CFB66}.Release|x86.ActiveCfg = Release|Any CPU
		{041328FE-FF35-43F9-8A1F-FAF8984CFB66}.Release|x86.Build.0 = Release|Any CPU
		{DF28978B-9F84-4A7A-9621-DECA255CD838}.Debug|Any CPU.ActiveCfg = Debug|Any CPU
		{DF28978B-9F84-4A7A-9621-DECA255CD838}.Debug|Any CPU.Build.0 = Debug|Any CPU
		{DF28978B-9F84-4A7A-9621-DECA255CD838}.Debug|x64.ActiveCfg = Debug|Any CPU
		{DF28978B-9F84-4A7A-9621-DECA255CD838}.Debug|x64.Build.0 = Debug|Any CPU
		{DF28978B-9F84-4A7A-9621-DECA255CD838}.Debug|x86.ActiveCfg = Debug|Any CPU
		{DF28978B-9F84-4A7A-9621-DECA255CD838}.Debug|x86.Build.0 = Debug|Any CPU
		{DF28978B-9F84-4A7A-9621-DECA255CD838}.Release|Any CPU.ActiveCfg = Release|Any CPU
		{DF28978B-9F84-4A7A-9621-DECA255CD838}.Release|Any CPU.Build.0 = Release|Any CPU
		{DF28978B-9F84-4A7A-9621-DECA255CD838}.Release|x64.ActiveCfg = Release|Any CPU
		{DF28978B-9F84-4A7A-9621-DECA255CD838}.Release|x64.Build.0 = Release|Any CPU
		{DF28978B-9F84-4A7A-9621-DECA255CD838}.Release|x86.ActiveCfg = Release|Any CPU
		{DF28978B-9F84-4A7A-9621-DECA255CD838}.Release|x86.Build.0 = Release|Any CPU
	EndGlobalSection
	GlobalSection(NestedProjects) = preSolution
		{9F9B0481-B730-4B6C-8B31-E8672865211A} = {ACC4C037-5028-408D-8D33-8B159DA77B09}
		{8E6A276D-F533-4AD4-9329-06A56A49F3CD} = {50BFC87D-F546-44AD-8FF9-24079A3A03A7}
		{450E54E9-B45E-4CE4-BD39-9780F377BDAD} = {FFA52A9A-23B8-4BD0-89EC-4FBC0CCC202C}
		{54BAD847-9AC5-40AB-9514-B447FD9656A8} = {450E54E9-B45E-4CE4-BD39-9780F377BDAD}
		{75C11EE9-CE46-455B-9D31-809D2AE16873} = {450E54E9-B45E-4CE4-BD39-9780F377BDAD}
		{7B3A0A42-51F8-4C39-BFF3-16B300CBB87C} = {450E54E9-B45E-4CE4-BD39-9780F377BDAD}
		{F5573C33-D3CB-4014-AA52-61AE9DF2DDF6} = {450E54E9-B45E-4CE4-BD39-9780F377BDAD}
		{F4D64DFD-DBB6-42CF-A12A-48F9C9CFDFC1} = {FFA52A9A-23B8-4BD0-89EC-4FBC0CCC202C}
		{C1C47DF7-0E2F-4138-A4DD-134734B9C9BA} = {F4D64DFD-DBB6-42CF-A12A-48F9C9CFDFC1}
		{6F7CF437-B097-4238-9FCF-1E0F7C0F9407} = {450E54E9-B45E-4CE4-BD39-9780F377BDAD}
		{041328FE-FF35-43F9-8A1F-FAF8984CFB66} = {F4D64DFD-DBB6-42CF-A12A-48F9C9CFDFC1}
		{DF28978B-9F84-4A7A-9621-DECA255CD838} = {450E54E9-B45E-4CE4-BD39-9780F377BDAD}
	EndGlobalSection
EndGlobal
